{
  "name": "advice-pwa",
  "version": "0.1.0",
  "lockfileVersion": 3,
  "requires": true,
  "packages": {
    "": {
      "name": "advice-pwa",
      "version": "0.1.0",
      "dependencies": {
        "dayjs": "^1.11.11",
        "idb": "^8.0.0",
        "react": "^18.3.1",
        "react-dom": "^18.3.1"
      },
      "devDependencies": {
        "@testing-library/react": "^16.3.0",
        "@types/react": "^18.2.66",
        "@types/react-dom": "^18.2.22",
        "@typescript-eslint/eslint-plugin": "^8.3.0",
        "@typescript-eslint/parser": "^8.3.0",
        "@vitejs/plugin-react": "^5.0.1",
        "eslint": "^9.9.0",
        "eslint-plugin-react-hooks": "^6.0.0",
        "jsdom": "^26.1.0",
        "prettier": "^3.3.3",
        "typescript": "^5.5.4",
        "vite": "^5.4.0",
        "vitest": "^3.2.4"
      }
    },

    "node_modules/cac": {
      "version": "6.7.14",
      "resolved": "https://registry.npmjs.org/cac/-/cac-6.7.14.tgz",
      "integrity": "sha512-b6Ilus+c3RrdDk+JhLKUAQfzzgLEPy6wcXqS7f/xe1EETvsDP6GORG7SFuOs6cID5YkqchW/LXZbX5bc8j7ZcQ==",
      "dev": true,
      "license": "MIT",
      "engines": { "node": ">=8" }
    },

    "node_modules/chai": {
      "version": "5.3.3",
      "resolved": "https://registry.npmjs.org/chai/-/chai-5.3.3.tgz",
      "integrity": "sha512-4zNhdJD/iOjSH0A05ea+Ke6MU5mmpQcbQsSOkgdaUMJ9zTlDTD/GYlwohmIE2u0gaxHYiVHEn1Fw9mZ/ktJWgw==",
      "dev": true,
      "license": "MIT",
      "dependencies": {
        "assertion-error": "^2.0.1",
        "check-error": "^2.1.1",
        "deep-eql": "^5.0.1",
        "loupe": "^3.1.0",
        "pathval": "^2.0.0"
      },
      "engines": { "node": ">=18" }
    },

    "node_modules/dequal": {
      "version": "2.0.3",
      "resolved": "https://registry.npmjs.org/dequal/-/dequal-2.0.3.tgz",
      "integrity": "sha512-0je+qPKHEMohvfRTCEo3CrPG6cAzAYgmzKyxRiYSSDkS6eGJdyVJm7WaYA5ECaAD9wLB2T4EEeymA5aFVcYXCA==",
      "dev": true,
      "license": "MIT",
      "peer": true,
      "engines": { "node": ">=6" }
    },

    "node_modules/dom-accessibility-api": {
      "version": "0.5.16",
      "resolved": "https://registry.npmjs.org/dom-accessibility-api/-/dom-accessibility-api-0.5.16.tgz",
      "integrity": "sha512-X7BJ2yElsnOJ30pZF4uIIDfBEVgF4XEBxL9Bxhy6dnrm5hkzqmsWHGTiHqRiITNhMyFLyAiWndIJP7Z1NTteDg==",
      "dev": true,
      "license": "MIT",
      "peer": true
    },

    "node_modules/electron-to-chromium": {
      "version": "1.5.209",
      "resolved": "https://registry.npmjs.org/electron-to-chromium/-/electron-to-chromium-1.5.209.tgz",
      "integrity": "sha512-Xoz0uMrim9ZETCQt8UgM5FxQF9+imA7PBpokoGcZloA1uw2LeHzTlip5cb5KOAsXZLjh/moN2vReN3ZjJmjI9A==",
      "dev": true,
      "license": "ISC"
    },

    "node_modules/loupe": {
      "version": "3.2.1",
      "resolved": "https://registry.npmjs.org/loupe/-/loupe-3.2.1.tgz",
      "integrity": "sha512-CdzqowRJCeLU72bHvWqwRBBlLcMEtIvGrlvef74kMnV2AolS9Y8xUv1I0U/MNAWMhBlKIoyuEgoJ0t/bbwHbLQ==",
      "dev": true,
      "license": "MIT"
    },

    "node_modules/lz-string": {
      "version": "1.5.0",
      "resolved": "https://registry.npmjs.org/lz-string/-/lz-string-1.5.0.tgz",
      "integrity": "sha512-h5bgJWpxJNswbU7qCrV0tIKQCaS3blPDrqKWx+QxzuzL1zGUzij9XCWLrSLsJPu5t+eWA/ycetzYAO5IOMcWAQ==",
      "dev": true,
      "license": "MIT",
      "peer": true,
      "bin": { "lz-string": "bin/bin.js" }
    },

    "node_modules/magic-string": {
      "version": "0.30.18",
      "resolved": "https://registry.npmjs.org/magic-string/-/magic-string-0.30.18.tgz",
      "integrity": "sha512-yi8swmWbO17qHhwIBNeeZxTceJMeBvWJaId6dyvTSOwTipqeHhMhOrz6513r1sOKnpvQ7zkhlG8tPrpilwTxHQ==",
      "dev": true,
      "license": "MIT",
      "dependencies": {
        "@jridgewell/sourcemap-codec": "^1.5.5"
      }
    },

    "node_modules/nwsapi": {
      "version": "2.2.21",
      "resolved": "https://registry.npmjs.org/nwsapi/-/nwsapi-2.2.21.tgz",
      "integrity": "sha512-o6nIY3qwiSXl7/LuOU0Dmuctd34Yay0yeuZRLFmDPrrdHpXKFndPj3hM+YEPVHYC5fx2otBx4Ilc/gyYSAUaIA==",
      "dev": true,
      "license": "MIT"
    },

    "node_modules/ws": {
      "version": "8.18.3",
      "resolved": "https://registry.npmjs.org/ws/-/ws-8.18.3.tgz",
      "integrity": "sha512-PEIGCY5tSlUt50cqyMXfCzX+oOPqN0vuGqWzbcJ2xvnkzkq46oOpz7dQaTDBdfICb4N14+GARUDw2XV2N4tvzg==",
      "dev": true,
      "license": "MIT",
      "engines": { "node": ">=10.0.0" },
      "peerDependencies": {
        "bufferutil": "^4.0.1",
        "utf-8-validate": ">=5.0.2"
      },
      "peerDependenciesMeta": {
        "bufferutil": { "optional": true },
        "utf-8-validate": { "optional": true }
      }
    },

    "node_modules/xml-name-validator": {
      "version": "5.0.0",
      "resolved": "https://registry.npmjs.org/xml-name-validator/-/xml-name-validator-5.0.0.tgz",
      "integrity": "sha512-EvGK8EJ3DhaHfbRlETOWAS5pO9MZITeauHKJyb8wyajUfQUenkIg2MvLDTZ4T/TgIcm3HU0TFBgWWboAZ30UHg==",
      "dev": true,
      "license": "Apache-2.0",
      "engines": { "node": ">=18" }
    },

    "node_modules/xmlchars": {
      "version": "2.2.0",
      "resolved": "https://registry.npmjs.org/xmlchars/-/xmlchars-2.2.0.tgz",
      "integrity": "sha512-JZnDKK8B0RCDw84FNdDAIpZK+JuJw+s7Lz8nksI7SIuU3UXJJslUthsi+uWBUYOwPFwW7W7PRLRfUKpxjtjFCw==",
      "dev": true,
      "license": "MIT"
    }

    /* …resto de entradas sin cambios… */
  }
}
